
Microsoft Visual Studio Solution File, Format Version 12.00
# Visual Studio Version 17
VisualStudioVersion = 17.14.36408.4 d17.14
MinimumVisualStudioVersion = 10.0.40219.1
Project("{FAE04EC0-301F-11D3-BF4B-00C04F79EFBC}") = "ResearchProjectManagement_SE123456", "ResearchProjectManagement_SE123456\ResearchProjectManagement_SE123456.csproj", "{94DD5798-36B8-470C-81BA-E8F4D45A39AE}"
EndProject
Project("{FAE04EC0-301F-11D3-BF4B-00C04F79EFBC}") = "DataAccessLayer", "DataAccessLayer\DataAccessLayer.csproj", "{72DECC92-95D8-44E9-8194-668557C1ED8F}"
EndProject
Project("{FAE04EC0-301F-11D3-BF4B-00C04F79EFBC}") = "BusinessLayer", "BusinessLayer\BusinessLayer.csproj", "{4897A768-F824-4A0B-88DA-638B5F2F6C67}"
EndProject
Global
	GlobalSection(SolutionConfigurationPlatforms) = preSolution
		Debug|Any CPU = Debug|Any CPU
		Release|Any CPU = Release|Any CPU
	EndGlobalSection
	GlobalSection(ProjectConfigurationPlatforms) = postSolution
		{94DD5798-36B8-470C-81BA-E8F4D45A39AE}.Debug|Any CPU.ActiveCfg = Debug|Any CPU
		{94DD5798-36B8-470C-81BA-E8F4D45A39AE}.Debug|Any CPU.Build.0 = Debug|Any CPU
		{94DD5798-36B8-470C-81BA-E8F4D45A39AE}.Release|Any CPU.ActiveCfg = Release|Any CPU
		{94DD5798-36B8-470C-81BA-E8F4D45A39AE}.Release|Any CPU.Build.0 = Release|Any CPU
		{72DECC92-95D8-44E9-8194-668557C1ED8F}.Debug|Any CPU.ActiveCfg = Debug|Any CPU
		{72DECC92-95D8-44E9-8194-668557C1ED8F}.Debug|Any CPU.Build.0 = Debug|Any CPU
		{72DECC92-95D8-44E9-8194-668557C1ED8F}.Release|Any CPU.ActiveCfg = Release|Any CPU
		{72DECC92-95D8-44E9-8194-668557C1ED8F}.Release|Any CPU.Build.0 = Release|Any CPU
		{4897A768-F824-4A0B-88DA-638B5F2F6C67}.Debug|Any CPU.ActiveCfg = Debug|Any CPU
		{4897A768-F824-4A0B-88DA-638B5F2F6C67}.Debug|Any CPU.Build.0 = Debug|Any CPU
		{4897A768-F824-4A0B-88DA-638B5F2F6C67}.Release|Any CPU.ActiveCfg = Release|Any CPU
		{4897A768-F824-4A0B-88DA-638B5F2F6C67}.Release|Any CPU.Build.0 = Release|Any CPU
	EndGlobalSection
	GlobalSection(SolutionProperties) = preSolution
		HideSolutionNode = FALSE
	EndGlobalSection
	GlobalSection(ExtensibilityGlobals) = postSolution
		SolutionGuid = {FEC3EDED-83C7-4F20-A31B-FDBE61712EE8}
	EndGlobalSection
EndGlobal
